
Microsoft Visual Studio Solution File, Format Version 12.00
# Visual Studio Version 17
VisualStudioVersion = 17.7.34031.279
MinimumVisualStudioVersion = 10.0.40219.1
Project("{9A19103F-16F7-4668-BE54-9A1E7A4F7556}") = "BlazorEcommerce.Server", "BlazorEcommerce\Server\BlazorEcommerce.Server.csproj", "{088FD304-8910-4450-BEAA-8B208597E7C3}"
EndProject
Project("{9A19103F-16F7-4668-BE54-9A1E7A4F7556}") = "BlazorEcommerce.Client", "BlazorEcommerce\Client\BlazorEcommerce.Client.csproj", "{35AEB2A6-1EC6-4E22-AFE9-2563B5A562CD}"
EndProject
Project("{9A19103F-16F7-4668-BE54-9A1E7A4F7556}") = "BlazorEcommerce.Shared", "BlazorEcommerce\Shared\BlazorEcommerce.Shared.csproj", "{672DEA2C-1CD8-424D-9B6F-36E7ADED4D66}"
EndProject
Global
	GlobalSection(SolutionConfigurationPlatforms) = preSolution
		Debug|Any CPU = Debug|Any CPU
		Release|Any CPU = Release|Any CPU
	EndGlobalSection
	GlobalSection(ProjectConfigurationPlatforms) = postSolution
		{088FD304-8910-4450-BEAA-8B208597E7C3}.Debug|Any CPU.ActiveCfg = Debug|Any CPU
		{088FD304-8910-4450-BEAA-8B208597E7C3}.Debug|Any CPU.Build.0 = Debug|Any CPU
		{088FD304-8910-4450-BEAA-8B208597E7C3}.Release|Any CPU.ActiveCfg = Release|Any CPU
		{088FD304-8910-4450-BEAA-8B208597E7C3}.Release|Any CPU.Build.0 = Release|Any CPU
		{35AEB2A6-1EC6-4E22-AFE9-2563B5A562CD}.Debug|Any CPU.ActiveCfg = Debug|Any CPU
		{35AEB2A6-1EC6-4E22-AFE9-2563B5A562CD}.Debug|Any CPU.Build.0 = Debug|Any CPU
		{35AEB2A6-1EC6-4E22-AFE9-2563B5A562CD}.Release|Any CPU.ActiveCfg = Release|Any CPU
		{35AEB2A6-1EC6-4E22-AFE9-2563B5A562CD}.Release|Any CPU.Build.0 = Release|Any CPU
		{672DEA2C-1CD8-424D-9B6F-36E7ADED4D66}.Debug|Any CPU.ActiveCfg = Debug|Any CPU
		{672DEA2C-1CD8-424D-9B6F-36E7ADED4D66}.Debug|Any CPU.Build.0 = Debug|Any CPU
		{672DEA2C-1CD8-424D-9B6F-36E7ADED4D66}.Release|Any CPU.ActiveCfg = Release|Any CPU
		{672DEA2C-1CD8-424D-9B6F-36E7ADED4D66}.Release|Any CPU.Build.0 = Release|Any CPU
	EndGlobalSection
	GlobalSection(SolutionProperties) = preSolution
		HideSolutionNode = FALSE
	EndGlobalSection
	GlobalSection(ExtensibilityGlobals) = postSolution
		SolutionGuid = {50C1817A-D370-4310-B4EA-7039579C0995}
	EndGlobalSection
EndGlobal
